
Microsoft Visual Studio Solution File, Format Version 12.00
# Visual Studio Version 17
VisualStudioVersion = 17.11.35327.3
MinimumVisualStudioVersion = 10.0.40219.1
Project("{FAE04EC0-301F-11D3-BF4B-00C04F79EFBC}") = "LaptopStore.API", "LaptopStore.API\LaptopStore.API.csproj", "{125ABC39-B2B1-4A64-95EF-43EA1FF5524B}"
EndProject
Project("{FAE04EC0-301F-11D3-BF4B-00C04F79EFBC}") = "LaptopStore.Business", "LaptopStore.Business\LaptopStore.Business.csproj", "{ACE9B7F8-3F3A-463A-B76F-D950AC9FF12D}"
EndProject
Project("{FAE04EC0-301F-11D3-BF4B-00C04F79EFBC}") = "LaptopStore.Data", "LaptopStore.Data\LaptopStore.Data.csproj", "{6A0DC789-7415-4D6A-B0AA-A221F1C619A4}"
EndProject
Global
	GlobalSection(SolutionConfigurationPlatforms) = preSolution
		Debug|Any CPU = Debug|Any CPU
		Release|Any CPU = Release|Any CPU
	EndGlobalSection
	GlobalSection(ProjectConfigurationPlatforms) = postSolution
		{125ABC39-B2B1-4A64-95EF-43EA1FF5524B}.Debug|Any CPU.ActiveCfg = Debug|Any CPU
		{125ABC39-B2B1-4A64-95EF-43EA1FF5524B}.Debug|Any CPU.Build.0 = Debug|Any CPU
		{125ABC39-B2B1-4A64-95EF-43EA1FF5524B}.Release|Any CPU.ActiveCfg = Release|Any CPU
		{125ABC39-B2B1-4A64-95EF-43EA1FF5524B}.Release|Any CPU.Build.0 = Release|Any CPU
		{ACE9B7F8-3F3A-463A-B76F-D950AC9FF12D}.Debug|Any CPU.ActiveCfg = Debug|Any CPU
		{ACE9B7F8-3F3A-463A-B76F-D950AC9FF12D}.Debug|Any CPU.Build.0 = Debug|Any CPU
		{ACE9B7F8-3F3A-463A-B76F-D950AC9FF12D}.Release|Any CPU.ActiveCfg = Release|Any CPU
		{ACE9B7F8-3F3A-463A-B76F-D950AC9FF12D}.Release|Any CPU.Build.0 = Release|Any CPU
		{6A0DC789-7415-4D6A-B0AA-A221F1C619A4}.Debug|Any CPU.ActiveCfg = Debug|Any CPU
		{6A0DC789-7415-4D6A-B0AA-A221F1C619A4}.Debug|Any CPU.Build.0 = Debug|Any CPU
		{6A0DC789-7415-4D6A-B0AA-A221F1C619A4}.Release|Any CPU.ActiveCfg = Release|Any CPU
		{6A0DC789-7415-4D6A-B0AA-A221F1C619A4}.Release|Any CPU.Build.0 = Release|Any CPU
	EndGlobalSection
	GlobalSection(SolutionProperties) = preSolution
		HideSolutionNode = FALSE
	EndGlobalSection
	GlobalSection(ExtensibilityGlobals) = postSolution
		SolutionGuid = {27D71916-ACD9-4DDF-8442-5C20F431A497}
	EndGlobalSection
EndGlobal
